
Microsoft Visual Studio Solution File, Format Version 12.00
# Visual Studio Version 17
VisualStudioVersion = 17.7.34031.279
MinimumVisualStudioVersion = 10.0.40219.1
Project("{FAE04EC0-301F-11D3-BF4B-00C04F79EFBC}") = "Common", "Common\Common.csproj", "{C0EA30A5-DA62-4AD6-A5D0-DC9B03A4787E}"
EndProject
Global
	GlobalSection(SolutionConfigurationPlatforms) = preSolution
		Debug|Any CPU = Debug|Any CPU
		Release|Any CPU = Release|Any CPU
	EndGlobalSection
	GlobalSection(ProjectConfigurationPlatforms) = postSolution
		{C0EA30A5-DA62-4AD6-A5D0-DC9B03A4787E}.Debug|Any CPU.ActiveCfg = Debug|Any CPU
		{C0EA30A5-DA62-4AD6-A5D0-DC9B03A4787E}.Debug|Any CPU.Build.0 = Debug|Any CPU
		{C0EA30A5-DA62-4AD6-A5D0-DC9B03A4787E}.Release|Any CPU.ActiveCfg = Release|Any CPU
		{C0EA30A5-DA62-4AD6-A5D0-DC9B03A4787E}.Release|Any CPU.Build.0 = Release|Any CPU
	EndGlobalSection
	GlobalSection(SolutionProperties) = preSolution
		HideSolutionNode = FALSE
	EndGlobalSection
	GlobalSection(ExtensibilityGlobals) = postSolution
		SolutionGuid = {2563516F-E4C1-4511-98E2-C953A8682366}
	EndGlobalSection
EndGlobal
